
Microsoft Visual Studio Solution File, Format Version 12.00
# Visual Studio Version 17
VisualStudioVersion = 17.9.34728.123
MinimumVisualStudioVersion = 10.0.40219.1
Project("{FAE04EC0-301F-11D3-BF4B-00C04F79EFBC}") = "PP_Lab8_C#", "PP_Lab8_C#\PP_Lab8_C#.csproj", "{2A57EED7-87F2-4F9B-A421-566878F0F712}"
EndProject
Global
	GlobalSection(SolutionConfigurationPlatforms) = preSolution
		Debug|Any CPU = Debug|Any CPU
		Release|Any CPU = Release|Any CPU
	EndGlobalSection
	GlobalSection(ProjectConfigurationPlatforms) = postSolution
		{2A57EED7-87F2-4F9B-A421-566878F0F712}.Debug|Any CPU.ActiveCfg = Debug|Any CPU
		{2A57EED7-87F2-4F9B-A421-566878F0F712}.Debug|Any CPU.Build.0 = Debug|Any CPU
		{2A57EED7-87F2-4F9B-A421-566878F0F712}.Release|Any CPU.ActiveCfg = Release|Any CPU
		{2A57EED7-87F2-4F9B-A421-566878F0F712}.Release|Any CPU.Build.0 = Release|Any CPU
	EndGlobalSection
	GlobalSection(SolutionProperties) = preSolution
		HideSolutionNode = FALSE
	EndGlobalSection
	GlobalSection(ExtensibilityGlobals) = postSolution
		SolutionGuid = {13009E24-0929-4180-99E0-21A24A56C537}
	EndGlobalSection
EndGlobal
